{
  "markbot": "4d3c6d78a86bd92ef73d78d69580155e891656f1043946029e7696c77c88f2e8",
  "markbotignore": "030a4e6e1b3b6b510514a7ae54576e2c2ef762d56236c6414ef634955d96a126",
  "index.html": "0f5c02e5bdf57453bfeeb8d52f3323b2d27e84577b108118e7d7ee7fcafa81ec",
  "css/main.css": "2761bcd1eb602287ee3d371937382cf216591ae32a069cdf299c53fdec250a60",
  "index-320.png": "8c5245ed8d5ab3c1f08d5f40ab95fa045eff535970db37e6a5dfcfd499d470c1"
}